{
  "name": "htmx-basics",
  "version": "1.0.0",
  "lockfileVersion": 2,
  "requires": true,
  "packages": {
    "": {
      "name": "htmx-basics",
      "version": "1.0.0",
      "license": "MIT",
      "dependencies": {
        "htmx.org": "^1.9.5",
        "mustache": "^4.2.0"
      }
    },
    "node_modules/htmx.org": {
      "version": "1.9.5",
      "resolved": "https://registry.npmjs.org/htmx.org/-/htmx.org-1.9.5.tgz",
      "integrity": "sha512-YUMH1/zOe+75bZnSbtkqwK8wAoTJcgvwVA2W6CXoODBtsg2F9HJIPzM3vzosevrilpV6jLAR6nKapKypBs7v2A=="
    },
    "node_modules/mustache": {
      "version": "4.2.0",
      "resolved": "https://registry.npmjs.org/mustache/-/mustache-4.2.0.tgz",
      "integrity": "sha512-71ippSywq5Yb7/tVYyGbkBggbU8H3u5Rz56fH60jGFgr8uHwxs+aSKeqmluIVzM0m0kB7xQjKS6qPfd0b2ZoqQ==",
      "bin": {
        "mustache": "bin/mustache"
      }
    }
  },
  "dependencies": {
    "htmx.org": {
      "version": "1.9.5",
      "resolved": "https://registry.npmjs.org/htmx.org/-/htmx.org-1.9.5.tgz",
      "integrity": "sha512-YUMH1/zOe+75bZnSbtkqwK8wAoTJcgvwVA2W6CXoODBtsg2F9HJIPzM3vzosevrilpV6jLAR6nKapKypBs7v2A=="
    },
    "mustache": {
      "version": "4.2.0",
      "resolved": "https://registry.npmjs.org/mustache/-/mustache-4.2.0.tgz",
      "integrity": "sha512-71ippSywq5Yb7/tVYyGbkBggbU8H3u5Rz56fH60jGFgr8uHwxs+aSKeqmluIVzM0m0kB7xQjKS6qPfd0b2ZoqQ=="
    }
  }
}
